# This file is automatically @generated by Cargo.
# It is not intended for manual editing.
version = 4

[[package]]
name = "itoa"
version = "1.0.17"
source = "registry+https://github.com/rust-lang/crates.io-index"
checksum = "92ecc6618181def0457392ccd0ee51198e065e016d1d527a7ac1b6dc7c1f09d2"

[[package]]
name = "memchr"
version = "2.8.0"
source = "registry+https://github.com/rust-lang/crates.io-index"
checksum = "f8ca58f447f06ed17d5fc4043ce1b10dd205e060fb3ce5b979b8ed8e59ff3f79"

[[package]]
name = "proc-macro2"
version = "1.0.106"
source = "registry+https://github.com/rust-lang/crates.io-index"
checksum = "8fd00f0bb2e90d81d1044c2b32617f68fcb9fa3bb7640c23e9c748e53fb30934"
dependencies = [
 "unicode-ident",
]

[[package]]
name = "quote"
version = "1.0.45"
source = "registry+https://github.com/rust-lang/crates.io-index"
checksum = "41f2619966050689382d2b44f664f4bc593e129785a36d6ee376ddf37259b924"
dependencies = [
 "proc-macro2",
]

[[package]]
name = "serde"
version = "1.0.228"
source = "registry+https://github.com/rust-lang/crates.io-index"
checksum = "9a8e94ea7f378bd32cbbd37198a4a91436180c5bb472411e48b5ec2e2124ae9e"
dependencies = [
 "serde_core",
 "serde_derive",
]

[[package]]
name = "serde_core"
version = "1.0.228"
source = "registry+https://github.com/rust-lang/crates.io-index"
checksum = "41d385c7d4ca58e59fc732af25c3983b67ac852c1a25000afe1175de458b67ad"
dependencies = [
 "serde_derive",
]

[[package]]
name = "serde_derive"
version = "1.0.228"
source = "registry+https://github.com/rust-lang/crates.io-index"
checksum = "d540f220d3187173da220f885ab66608367b6574e925011a9353e4badda91d79"
dependencies = [
 "proc-macro2",
 "quote",
 "syn",
]

[[package]]
name = "serde_json"
version = "1.0.149"
source = "registry+https://github.com/rust-lang/crates.io-index"
checksum = "83fc039473c5595ace860d8c4fafa220ff474b3fc6bfdb4293327f1a37e94d86"
dependencies = [
 "itoa",
 "memchr",
 "serde",
 "serde_core",
 "zmij",
]

[[package]]
name = "syn"
version = "2.0.117"
source = "registry+https://github.com/rust-lang/crates.io-index"
checksum = "e665b8803e7b1d2a727f4023456bbbbe74da67099c585258af0ad9c5013b9b99"
dependencies = [
 "proc-macro2",
 "quote",
 "unicode-ident",
]

[[package]]
name = "unicode-ident"
version = "1.0.24"
source = "registry+https://github.com/rust-lang/crates.io-index"
checksum = "e6e4313cd5fcd3dad5cafa179702e2b244f760991f45397d14d4ebf38247da75"

[[package]]
name = "yozora-ast"
version = "0.1.0"
dependencies = [
 "serde",
]

[[package]]
name = "yozora-ast-util"
version = "0.1.0"
dependencies = [
 "yozora-ast",
]

[[package]]
name = "yozora-character"
version = "0.1.0"

[[package]]
name = "yozora-core-parser"
version = "0.1.0"
dependencies = [
 "yozora-ast",
 "yozora-character",
 "yozora-core-tokenizer",
]

[[package]]
name = "yozora-core-tokenizer"
version = "0.1.0"
dependencies = [
 "yozora-ast",
 "yozora-character",
]

[[package]]
name = "yozora-parser"
version = "0.1.0"
dependencies = [
 "yozora-ast",
 "yozora-core-parser",
 "yozora-core-tokenizer",
 "yozora-tokenizer-admonition",
 "yozora-tokenizer-autolink",
 "yozora-tokenizer-autolink-extension",
 "yozora-tokenizer-blockquote",
 "yozora-tokenizer-break",
 "yozora-tokenizer-definition",
 "yozora-tokenizer-delete",
 "yozora-tokenizer-ecma-import",
 "yozora-tokenizer-emphasis",
 "yozora-tokenizer-fenced-code",
 "yozora-tokenizer-footnote",
 "yozora-tokenizer-footnote-definition",
 "yozora-tokenizer-footnote-reference",
 "yozora-tokenizer-heading",
 "yozora-tokenizer-html-block",
 "yozora-tokenizer-html-inline",
 "yozora-tokenizer-image",
 "yozora-tokenizer-image-reference",
 "yozora-tokenizer-indented-code",
 "yozora-tokenizer-inline-code",
 "yozora-tokenizer-inline-math",
 "yozora-tokenizer-link",
 "yozora-tokenizer-link-reference",
 "yozora-tokenizer-list",
 "yozora-tokenizer-math",
 "yozora-tokenizer-paragraph",
 "yozora-tokenizer-setext-heading",
 "yozora-tokenizer-table",
 "yozora-tokenizer-text",
 "yozora-tokenizer-thematic-break",
]

[[package]]
name = "yozora-parser-gfm"
version = "0.1.0"
dependencies = [
 "yozora-ast",
 "yozora-core-parser",
 "yozora-core-tokenizer",
 "yozora-tokenizer-autolink",
 "yozora-tokenizer-blockquote",
 "yozora-tokenizer-break",
 "yozora-tokenizer-definition",
 "yozora-tokenizer-emphasis",
 "yozora-tokenizer-fenced-code",
 "yozora-tokenizer-heading",
 "yozora-tokenizer-html-block",
 "yozora-tokenizer-html-inline",
 "yozora-tokenizer-image",
 "yozora-tokenizer-image-reference",
 "yozora-tokenizer-indented-code",
 "yozora-tokenizer-inline-code",
 "yozora-tokenizer-link",
 "yozora-tokenizer-link-reference",
 "yozora-tokenizer-list",
 "yozora-tokenizer-paragraph",
 "yozora-tokenizer-setext-heading",
 "yozora-tokenizer-text",
 "yozora-tokenizer-thematic-break",
]

[[package]]
name = "yozora-parser-gfm-ex"
version = "0.1.0"
dependencies = [
 "yozora-ast",
 "yozora-core-parser",
 "yozora-core-tokenizer",
 "yozora-tokenizer-autolink",
 "yozora-tokenizer-autolink-extension",
 "yozora-tokenizer-blockquote",
 "yozora-tokenizer-break",
 "yozora-tokenizer-definition",
 "yozora-tokenizer-delete",
 "yozora-tokenizer-emphasis",
 "yozora-tokenizer-fenced-code",
 "yozora-tokenizer-heading",
 "yozora-tokenizer-html-block",
 "yozora-tokenizer-html-inline",
 "yozora-tokenizer-image",
 "yozora-tokenizer-image-reference",
 "yozora-tokenizer-indented-code",
 "yozora-tokenizer-inline-code",
 "yozora-tokenizer-link",
 "yozora-tokenizer-link-reference",
 "yozora-tokenizer-list",
 "yozora-tokenizer-paragraph",
 "yozora-tokenizer-setext-heading",
 "yozora-tokenizer-table",
 "yozora-tokenizer-text",
 "yozora-tokenizer-thematic-break",
]

[[package]]
name = "yozora-suitecases"
version = "0.1.0"
dependencies = [
 "serde",
 "serde_json",
 "yozora-core-parser",
 "yozora-parser",
 "yozora-parser-gfm",
 "yozora-parser-gfm-ex",
]

[[package]]
name = "yozora-tokenizer-admonition"
version = "0.1.0"
dependencies = [
 "yozora-ast",
 "yozora-character",
 "yozora-core-tokenizer",
 "yozora-tokenizer-fenced-block",
]

[[package]]
name = "yozora-tokenizer-autolink"
version = "0.1.0"
dependencies = [
 "yozora-ast",
 "yozora-character",
 "yozora-core-tokenizer",
]

[[package]]
name = "yozora-tokenizer-autolink-extension"
version = "0.1.0"
dependencies = [
 "yozora-ast",
 "yozora-character",
 "yozora-core-tokenizer",
]

[[package]]
name = "yozora-tokenizer-blockquote"
version = "0.1.0"
dependencies = [
 "yozora-ast",
 "yozora-character",
 "yozora-core-tokenizer",
]

[[package]]
name = "yozora-tokenizer-break"
version = "0.1.0"
dependencies = [
 "yozora-ast",
 "yozora-character",
 "yozora-core-tokenizer",
]

[[package]]
name = "yozora-tokenizer-definition"
version = "0.1.0"
dependencies = [
 "yozora-ast",
 "yozora-character",
 "yozora-core-tokenizer",
]

[[package]]
name = "yozora-tokenizer-delete"
version = "0.1.0"
dependencies = [
 "yozora-ast",
 "yozora-character",
 "yozora-core-tokenizer",
]

[[package]]
name = "yozora-tokenizer-ecma-import"
version = "0.1.0"
dependencies = [
 "yozora-ast",
 "yozora-character",
 "yozora-core-tokenizer",
]

[[package]]
name = "yozora-tokenizer-emphasis"
version = "0.1.0"
dependencies = [
 "yozora-ast",
 "yozora-character",
 "yozora-core-tokenizer",
]

[[package]]
name = "yozora-tokenizer-fenced-block"
version = "0.1.0"
dependencies = [
 "yozora-ast",
 "yozora-character",
 "yozora-core-tokenizer",
]

[[package]]
name = "yozora-tokenizer-fenced-code"
version = "0.1.0"
dependencies = [
 "yozora-ast",
 "yozora-character",
 "yozora-core-tokenizer",
 "yozora-tokenizer-fenced-block",
]

[[package]]
name = "yozora-tokenizer-footnote"
version = "0.1.0"
dependencies = [
 "yozora-ast",
 "yozora-character",
 "yozora-core-tokenizer",
]

[[package]]
name = "yozora-tokenizer-footnote-definition"
version = "0.1.0"
dependencies = [
 "yozora-ast",
 "yozora-character",
 "yozora-core-tokenizer",
]

[[package]]
name = "yozora-tokenizer-footnote-reference"
version = "0.1.0"
dependencies = [
 "yozora-ast",
 "yozora-character",
 "yozora-core-tokenizer",
 "yozora-tokenizer-footnote-definition",
]

[[package]]
name = "yozora-tokenizer-heading"
version = "0.1.0"
dependencies = [
 "yozora-ast",
 "yozora-character",
 "yozora-core-tokenizer",
]

[[package]]
name = "yozora-tokenizer-html-block"
version = "0.1.0"
dependencies = [
 "yozora-ast",
 "yozora-character",
 "yozora-core-tokenizer",
]

[[package]]
name = "yozora-tokenizer-html-inline"
version = "0.1.0"
dependencies = [
 "yozora-ast",
 "yozora-character",
 "yozora-core-tokenizer",
]

[[package]]
name = "yozora-tokenizer-image"
version = "0.1.0"
dependencies = [
 "yozora-ast",
 "yozora-character",
 "yozora-core-tokenizer",
]

[[package]]
name = "yozora-tokenizer-image-reference"
version = "0.1.0"
dependencies = [
 "yozora-ast",
 "yozora-character",
 "yozora-core-tokenizer",
 "yozora-tokenizer-image",
]

[[package]]
name = "yozora-tokenizer-indented-code"
version = "0.1.0"
dependencies = [
 "yozora-ast",
 "yozora-character",
 "yozora-core-tokenizer",
]

[[package]]
name = "yozora-tokenizer-inline-code"
version = "0.1.0"
dependencies = [
 "yozora-ast",
 "yozora-character",
 "yozora-core-tokenizer",
]

[[package]]
name = "yozora-tokenizer-inline-math"
version = "0.1.0"
dependencies = [
 "yozora-ast",
 "yozora-character",
 "yozora-core-tokenizer",
]

[[package]]
name = "yozora-tokenizer-link"
version = "0.1.0"
dependencies = [
 "yozora-ast",
 "yozora-character",
 "yozora-core-tokenizer",
]

[[package]]
name = "yozora-tokenizer-link-reference"
version = "0.1.0"
dependencies = [
 "yozora-ast",
 "yozora-character",
 "yozora-core-tokenizer",
]

[[package]]
name = "yozora-tokenizer-list"
version = "0.1.0"
dependencies = [
 "yozora-ast",
 "yozora-character",
 "yozora-core-tokenizer",
]

[[package]]
name = "yozora-tokenizer-math"
version = "0.1.0"
dependencies = [
 "yozora-ast",
 "yozora-character",
 "yozora-core-tokenizer",
 "yozora-tokenizer-fenced-block",
]

[[package]]
name = "yozora-tokenizer-paragraph"
version = "0.1.0"
dependencies = [
 "yozora-ast",
 "yozora-character",
 "yozora-core-tokenizer",
]

[[package]]
name = "yozora-tokenizer-setext-heading"
version = "0.1.0"
dependencies = [
 "yozora-ast",
 "yozora-character",
 "yozora-core-tokenizer",
]

[[package]]
name = "yozora-tokenizer-table"
version = "0.1.0"
dependencies = [
 "yozora-ast",
 "yozora-character",
 "yozora-core-tokenizer",
]

[[package]]
name = "yozora-tokenizer-text"
version = "0.1.0"
dependencies = [
 "yozora-ast",
 "yozora-character",
 "yozora-core-tokenizer",
]

[[package]]
name = "yozora-tokenizer-thematic-break"
version = "0.1.0"
dependencies = [
 "yozora-ast",
 "yozora-character",
 "yozora-core-tokenizer",
]

[[package]]
name = "zmij"
version = "1.0.21"
source = "registry+https://github.com/rust-lang/crates.io-index"
checksum = "b8848ee67ecc8aedbaf3e4122217aff892639231befc6a1b58d29fff4c2cabaa"
